
Microsoft Visual Studio Solution File, Format Version 12.00
# Visual Studio 15
VisualStudioVersion = 15.0.28307.705
MinimumVisualStudioVersion = 10.0.40219.1
Project("{8BC9CEB8-8B4A-11D0-8D11-00A0C91BC942}") = "Camera_Calibration", "SVBRDF_Acquisition\SVBRDF_Acquisition.vcxproj", "{ADE7E13B-EF38-463D-A6EE-F0C1C04A8E2A}"
EndProject
Project("{8BC9CEB8-8B4A-11D0-8D11-00A0C91BC942}") = "Eigen", "Eigen\Eigen.vcxproj", "{574DF29B-0DAC-471D-B53B-77852FE0A45D}"
EndProject
Project("{8BC9CEB8-8B4A-11D0-8D11-00A0C91BC942}") = "OpenCV_SFM", "OpenCV_SFM\OpenCV_SFM.vcxproj", "{73E8852D-2B79-4CB8-86FA-479776735041}"
EndProject
Global
	GlobalSection(SolutionConfigurationPlatforms) = preSolution
		Debug|x64 = Debug|x64
		Debug|x86 = Debug|x86
		Release|x64 = Release|x64
		Release|x86 = Release|x86
	EndGlobalSection
	GlobalSection(ProjectConfigurationPlatforms) = postSolution
		{ADE7E13B-EF38-463D-A6EE-F0C1C04A8E2A}.Debug|x64.ActiveCfg = Debug|x64
		{ADE7E13B-EF38-463D-A6EE-F0C1C04A8E2A}.Debug|x64.Build.0 = Debug|x64
		{ADE7E13B-EF38-463D-A6EE-F0C1C04A8E2A}.Debug|x86.ActiveCfg = Debug|Win32
		{ADE7E13B-EF38-463D-A6EE-F0C1C04A8E2A}.Debug|x86.Build.0 = Debug|Win32
		{ADE7E13B-EF38-463D-A6EE-F0C1C04A8E2A}.Release|x64.ActiveCfg = Release|x64
		{ADE7E13B-EF38-463D-A6EE-F0C1C04A8E2A}.Release|x64.Build.0 = Release|x64
		{ADE7E13B-EF38-463D-A6EE-F0C1C04A8E2A}.Release|x86.ActiveCfg = Release|Win32
		{ADE7E13B-EF38-463D-A6EE-F0C1C04A8E2A}.Release|x86.Build.0 = Release|Win32
		{574DF29B-0DAC-471D-B53B-77852FE0A45D}.Debug|x64.ActiveCfg = Debug|x64
		{574DF29B-0DAC-471D-B53B-77852FE0A45D}.Debug|x64.Build.0 = Debug|x64
		{574DF29B-0DAC-471D-B53B-77852FE0A45D}.Debug|x86.ActiveCfg = Debug|Win32
		{574DF29B-0DAC-471D-B53B-77852FE0A45D}.Debug|x86.Build.0 = Debug|Win32
		{574DF29B-0DAC-471D-B53B-77852FE0A45D}.Release|x64.ActiveCfg = Release|x64
		{574DF29B-0DAC-471D-B53B-77852FE0A45D}.Release|x64.Build.0 = Release|x64
		{574DF29B-0DAC-471D-B53B-77852FE0A45D}.Release|x86.ActiveCfg = Release|Win32
		{574DF29B-0DAC-471D-B53B-77852FE0A45D}.Release|x86.Build.0 = Release|Win32
		{73E8852D-2B79-4CB8-86FA-479776735041}.Debug|x64.ActiveCfg = Debug|x64
		{73E8852D-2B79-4CB8-86FA-479776735041}.Debug|x64.Build.0 = Debug|x64
		{73E8852D-2B79-4CB8-86FA-479776735041}.Debug|x86.ActiveCfg = Debug|Win32
		{73E8852D-2B79-4CB8-86FA-479776735041}.Debug|x86.Build.0 = Debug|Win32
		{73E8852D-2B79-4CB8-86FA-479776735041}.Release|x64.ActiveCfg = Release|x64
		{73E8852D-2B79-4CB8-86FA-479776735041}.Release|x64.Build.0 = Release|x64
		{73E8852D-2B79-4CB8-86FA-479776735041}.Release|x86.ActiveCfg = Release|Win32
		{73E8852D-2B79-4CB8-86FA-479776735041}.Release|x86.Build.0 = Release|Win32
	EndGlobalSection
	GlobalSection(SolutionProperties) = preSolution
		HideSolutionNode = FALSE
	EndGlobalSection
	GlobalSection(ExtensibilityGlobals) = postSolution
		SolutionGuid = {23069B79-3546-4CE9-904F-36969A9A2FBB}
	EndGlobalSection
EndGlobal
